
Microsoft Visual Studio Solution File, Format Version 12.00
# Visual Studio Version 17
VisualStudioVersion = 17.0.32126.317
MinimumVisualStudioVersion = 10.0.40219.1
Project("{888888A0-9F3D-457C-B088-3A5042F75D52}") = "Cops and robbers", "Cops and robbers\Cops and robbers.pyproj", "{AE8D66C3-4F37-4D94-A560-BBD7F0897887}"
EndProject
Global
	GlobalSection(SolutionConfigurationPlatforms) = preSolution
		Debug|Any CPU = Debug|Any CPU
		Release|Any CPU = Release|Any CPU
	EndGlobalSection
	GlobalSection(ProjectConfigurationPlatforms) = postSolution
		{AE8D66C3-4F37-4D94-A560-BBD7F0897887}.Debug|Any CPU.ActiveCfg = Debug|Any CPU
		{AE8D66C3-4F37-4D94-A560-BBD7F0897887}.Release|Any CPU.ActiveCfg = Release|Any CPU
	EndGlobalSection
	GlobalSection(SolutionProperties) = preSolution
		HideSolutionNode = FALSE
	EndGlobalSection
	GlobalSection(ExtensibilityGlobals) = postSolution
		SolutionGuid = {93978914-E960-46FF-B024-2C9D3B48D729}
	EndGlobalSection
EndGlobal
